hash: 574f760af2ee7761ada14a5bbe54eaa12da557f68295812a8da3f32a49982cb6
updated: 2019-04-02T14:11:48.997536-07:00
imports:
- name: github.com/alecthomas/kingpin
  version: 947dcec5ba9c011838740e680966fd7087a71d0d
- name: github.com/alecthomas/template
  version: a0175ee3bccc567396460bf5acd36800cb10c49c
  subpackages:
  - parse
- name: github.com/alecthomas/units
  version: 2efee857e7cfd4f3d0138cc3cbb1b4966962b93a
- name: github.com/andres-erbsen/clock
  version: 9e14626cd129ba01ccb6806bcca9d523e570aaf0
- name: github.com/apache/thrift
  version: b2a4d4ae21c789b689dd162deb819665567f481c
  subpackages:
  - lib/go/thrift
- name: github.com/aws/aws-sdk-go
  version: 4e871608b534ce2562c8330cf41d001db1c5d7d3
  subpackages:
  - aws
  - aws/awserr
  - aws/awsutil
  - aws/client
  - aws/client/metadata
  - aws/corehandlers
  - aws/credentials
  - aws/credentials/ec2rolecreds
  - aws/credentials/endpointcreds
  - aws/credentials/processcreds
  - aws/credentials/stscreds
  - aws/csm
  - aws/defaults
  - aws/ec2metadata
  - aws/endpoints
  - aws/request
  - aws/session
  - aws/signer/v4
  - internal/ini
  - internal/s3err
  - internal/sdkio
  - internal/sdkrand
  - internal/sdkuri
  - internal/shareddefaults
  - private/protocol
  - private/protocol/eventstream
  - private/protocol/eventstream/eventstreamapi
  - private/protocol/query
  - private/protocol/query/queryutil
  - private/protocol/rest
  - private/protocol/restxml
  - private/protocol/xml/xmlutil
  - service/s3
  - service/s3/s3iface
  - service/s3/s3manager
  - service/sts
- name: github.com/beorn7/perks
  version: 3a771d992973f24aa725d07868b467d1ddfceafb
  subpackages:
  - quantile
- name: github.com/bshuster-repo/logrus-logstash-hook
  version: 1e961e8e173c48bdddbf90e4fc4df8eaf8a7e918
- name: github.com/bugsnag/bugsnag-go
  version: d5b63da7e1f93d83e3980e5ab2bf33179bad7b2a
  subpackages:
  - device
  - errors
  - headers
  - sessions
- name: github.com/bugsnag/panicwrap
  version: 1d162ee1264c75b29b0f7733221bedfae7559079
- name: github.com/c2h5oh/datasize
  version: 4eba002a5eaea69cf8d235a388fc6b65ae68d2dd
- name: github.com/cactus/go-statsd-client
  version: 138b925ccdf617776955904ba7759fce64406cec
  subpackages:
  - statsd
- name: github.com/cenkalti/backoff
  version: 1e4cf3da559842a91afcb6ea6141451e6c30c618
- name: github.com/docker/distribution
  version: 2461543d988979529609e8cb6fca9ca190dc48da
  subpackages:
  - configuration
  - context
  - digestset
  - health
  - health/checks
  - manifest
  - manifest/manifestlist
  - manifest/ocischema
  - manifest/schema1
  - manifest/schema2
  - metrics
  - notifications
  - reference
  - registry
  - registry/api/errcode
  - registry/api/v2
  - registry/auth
  - registry/client
  - registry/client/auth
  - registry/client/auth/challenge
  - registry/client/transport
  - registry/handlers
  - registry/listener
  - registry/middleware/registry
  - registry/middleware/repository
  - registry/proxy
  - registry/proxy/scheduler
  - registry/storage
  - registry/storage/cache
  - registry/storage/cache/memory
  - registry/storage/cache/redis
  - registry/storage/driver
  - registry/storage/driver/factory
  - registry/storage/driver/middleware
  - uuid
  - version
- name: github.com/docker/docker-credential-helpers
  version: 5241b46610f2491efdf9d1c85f1ddf5b02f6d962
  subpackages:
  - client
  - credentials
- name: github.com/docker/engine-api
  version: 4290f40c056686fcaa5c9caf02eac1dde9315adf
  subpackages:
  - types
  - types/blkiodev
  - types/container
  - types/filters
  - types/mount
  - types/network
  - types/registry
  - types/strslice
  - types/swarm
  - types/versions
- name: github.com/docker/go-connections
  version: 97c2040d34dfae1d1b1275fa3a78dbdd2f41cf7e
  subpackages:
  - nat
- name: github.com/docker/go-metrics
  version: b84716841b82eab644a0c64fc8b42d480e49add5
- name: github.com/docker/go-units
  version: 2fb04c6466a548a03cb009c5569ee1ab1e35398e
- name: github.com/docker/libtrust
  version: aabc10ec26b754e797f9028f4589c5b7bd90dc20
- name: github.com/garyburd/redigo
  version: a69d19351219b6dd56f274f96d85a7014a2ec34e
  subpackages:
  - internal
  - redis
- name: github.com/go-chi/chi
  version: d0891661345200ebf8b816cc7de785e9bd570647
- name: github.com/gofrs/uuid
  version: 2593f3d8aa45b432942fe24758a279312d0f8719
- name: github.com/golang/mock
  version: 51421b967af1f557f93a59e0057aaf15ca02e29c
  subpackages:
  - gomock
- name: github.com/golang/protobuf
  version: b5d812f8a3706043e23a9cd5babf2e5423744d30
  subpackages:
  - proto
- name: github.com/gorilla/handlers
  version: ac6d24f88de4584385a0cb3a88f953d08a2f7a05
- name: github.com/gorilla/mux
  version: a7962380ca08b5a188038c69871b8d3fbdf31e89
- name: github.com/hashicorp/golang-lru
  version: 7087cb70de9f7a8bc0a10c375cb0d2280a8edf9c
- name: github.com/inconshreveable/mousetrap
  version: 76626ae9c91c4f2a10f34cad8ce83ea42c93bb75
- name: github.com/jackpal/bencode-go
  version: 227668e840fa94fd54b85018c733f73e73e06879
- name: github.com/jmespath/go-jmespath
  version: c2b33e8439af944379acbdd9c3a5fe0bc44bd8a5
- name: github.com/jmoiron/sqlx
  version: cdf62fdf55f66fb2484fe214f89c059f0bd3f567
  subpackages:
  - reflectx
- name: github.com/jpillora/backoff
  version: 3050d21c67d7c46b07ca1b5e1be0b26669c8d04c
- name: github.com/kardianos/osext
  version: 2bc1f35cddc0cc527b4bc3dce8578fc2a6c11384
- name: github.com/konsorten/go-windows-terminal-sequences
  version: f55edac94c9bbba5d6182a4be46d86a2c9b5b50e
- name: github.com/mattn/go-sqlite3
  version: 31f5bb843b7852e28d5a66d1d539c042c3bb623a
- name: github.com/matttproud/golang_protobuf_extensions
  version: c182affec369e30f25d3eb8cd8a478dee585ae7d
  subpackages:
  - pbutil
- name: github.com/opencontainers/go-digest
  version: ac19fd6e7483ff933754af248d80be865e543d22
- name: github.com/opencontainers/image-spec
  version: da296dcb1e473a9b4e2d148941d7faa9ac8fea3f
  subpackages:
  - specs-go
  - specs-go/v1
- name: github.com/pkg/errors
  version: 27936f6d90f9c8e1145f11ed52ffffbfdb9e0af7
- name: github.com/pressly/chi
  version: da24bba8dcd4021cafac38724bf10dccc97c3e36
  subpackages:
  - middleware
- name: github.com/pressly/goose
  version: e4b98955473e91a12fc7d8816c28d06376d1d92c
- name: github.com/prometheus/client_golang
  version: 7490f0a74525a1f863eaf81b42f3ead3a1ecc43a
  subpackages:
  - prometheus
  - prometheus/internal
  - prometheus/promhttp
- name: github.com/prometheus/client_model
  version: fd36f4220a901265f90734c3183c5f0c91daa0b8
  subpackages:
  - go
- name: github.com/prometheus/common
  version: 3a34257982869c0624da7d3ec18755eb081df04f
  subpackages:
  - expfmt
  - internal/bitbucket.org/ww/goautoneg
  - model
- name: github.com/prometheus/procfs
  version: af7bedc223fba51343f25a6fa7aba84355d0357a
- name: github.com/satori/go.uuid
  version: f58768cc1a7a7e77a3bd49e98cdd21419399b6a3
- name: github.com/Shopify/logrus-bugsnag
  version: 577dee27f20dd8f1a529f82210094af593be12bd
- name: github.com/sirupsen/logrus
  version: 8bdbc7bcc01dcbb8ec23dc8a28e332258d25251f
- name: github.com/spaolacci/murmur3
  version: 9f5d223c60793748f04a9d5b4b4eacddfc1f755d
- name: github.com/spf13/cobra
  version: 67fc4837d267bc9bfd6e47f77783fcc3dffc68de
- name: github.com/spf13/pflag
  version: 24fa6976df40757dce6aea913e7b81ade90530e1
- name: github.com/uber-go/tally
  version: e9a67ec1839e1f6e5133dbcca2f57bec12fdeda2
  subpackages:
  - m3
  - m3/customtransports
  - m3/thrift
  - m3/thriftudp
  - statsd
- name: github.com/willf/bitset
  version: 18bd95f470f9494ca07c36d877424729edc2455c
- name: github.com/xenolf/lego
  version: 5d557fdc6d9ee2226c0cce65733ee686ad4bc8b1
  repo: git@github.com:go-acme/lego.git
  subpackages:
  - acme
- name: github.com/yvasiyarov/go-metrics
  version: c25f46c4b94079672242ec48a545e7ca9ebe3aec
- name: github.com/yvasiyarov/gorelic
  version: 635ca6035f2355e29fc558effa613d0d5867aac8
- name: github.com/yvasiyarov/newrelic_platform_go
  version: 9c099fbc30e90de5bb5c5f94aa5fd08f2daeaacd
- name: go.uber.org/atomic
  version: 1ea20fb1cbb1cc08cbd0d913a96dead89aa18289
- name: go.uber.org/multierr
  version: 3c4937480c32f4c13a875a1829af76c98ca3d40a
- name: go.uber.org/zap
  version: badef736563f8135e0add3232b06f58656da03c8
  subpackages:
  - buffer
  - internal/bufferpool
  - internal/color
  - internal/exit
  - zapcore
- name: golang.org/x/crypto
  version: 5295e8364332db77d75fce11f1d19c053919a9c9
  subpackages:
  - ssh
- name: golang.org/x/net
  version: 74de082e2cca95839e88aa0aeee5aadf6ce7710f
  subpackages:
  - context
- name: golang.org/x/sync
  version: e225da77a7e68af35c70ccbf71af2b83e6acac3c
  subpackages:
  - syncmap
- name: golang.org/x/sys
  version: baf5eb976a8cd65845293cd814ea151018552292
  subpackages:
  - unix
- name: golang.org/x/time
  version: 9d24e82272b4f38b78bc8cff74fa936d31ccd8ef
  subpackages:
  - rate
- name: gopkg.in/validator.v2
  version: 135c24b11c19e52befcae2ec3fca5d9b78c4e98e
- name: gopkg.in/yaml.v2
  version: 51d6538a90f86fe93ac480b35f37b2be17fef232
- name: rsc.io/letsencrypt
  version: 800d85d42bc784015c7189f6fad2d342ad65dd99
testImports:
- name: github.com/alicebob/gopher-json
  version: 5a6b3ba71ee69b77cf64febf8b5a7526ca5eaef0
- name: github.com/alicebob/miniredis
  version: 9615c6402328d2b1ae8a19f18adab10fa8c25f04
  subpackages:
  - server
- name: github.com/davecgh/go-spew
  version: d8f796af33cc11cb798c1aaeb27a4ebc5099927d
  subpackages:
  - spew
- name: github.com/gomodule/redigo
  version: 39e2c31b7ca38b521ceb836620a269e62c895dc9
  subpackages:
  - redis
- name: github.com/pmezard/go-difflib
  version: 5d4384ee4fb2527b0a1256a821ebfc92f91efefc
  subpackages:
  - difflib
- name: github.com/stretchr/testify
  version: ffdc059bfe9ce6a4e144ba849dbedead332c6053
  subpackages:
  - assert
  - require
- name: github.com/yuin/gopher-lua
  version: 8bfc7677f583b35a5663a9dd934c08f3b5774bbb
  subpackages:
  - ast
  - parse
  - pm
