# This file is autogenerated, do not edit; changes may be undone by the next 'dep ensure'.


[[projects]]
  digest = "1:7dfa8c1d400e618d8ecc64a7a5340854c66d0e8fb5af24e84f6c7c9be6899ab9"
  name = "github.com/Sirupsen/logrus"
  packages = [
    ".",
    "formatters/logstash",
  ]
  pruneopts = "UT"
  revision = "55eb11d21d2a31a3cc93838241d04800f52e823d"
  version = "v0.7.3"

[[projects]]
  digest = "1:c06d9e11d955af78ac3bbb26bd02e01d2f61f689e1a3bce2ef6fb683ef8a7f2d"
  name = "github.com/alecthomas/kingpin"
  packages = ["."]
  pruneopts = "UT"
  revision = "947dcec5ba9c011838740e680966fd7087a71d0d"
  version = "v2.2.6"

[[projects]]
  branch = "master"
  digest = "1:315c5f2f60c76d89b871c73f9bd5fe689cad96597afd50fb9992228ef80bdd34"
  name = "github.com/alecthomas/template"
  packages = [
    ".",
    "parse",
  ]
  pruneopts = "UT"
  revision = "a0175ee3bccc567396460bf5acd36800cb10c49c"

[[projects]]
  branch = "master"
  digest = "1:c198fdc381e898e8fb62b8eb62758195091c313ad18e52a3067366e1dda2fb3c"
  name = "github.com/alecthomas/units"
  packages = ["."]
  pruneopts = "UT"
  revision = "2efee857e7cfd4f3d0138cc3cbb1b4966962b93a"

[[projects]]
  branch = "master"
  digest = "1:7afff364b8e5e9f1085fe77ae5630b8e0f7482338a50535881aa0b433e48fb0b"
  name = "github.com/alicebob/gopher-json"
  packages = ["."]
  pruneopts = "UT"
  revision = "5a6b3ba71ee69b77cf64febf8b5a7526ca5eaef0"

[[projects]]
  digest = "1:9bfe4abf7e47f72cb471326dc012abd98dc9b85b1d288c609dd70e7081b74d54"
  name = "github.com/alicebob/miniredis"
  packages = [
    ".",
    "server",
  ]
  pruneopts = "UT"
  revision = "7aa580c6d4761b53c007d24aa18e730fef3e00d4"
  version = "v2.4.6"

[[projects]]
  branch = "master"
  digest = "1:9ca5b20a8a97a4d0d4fe51fa0bfb0fa02bee8d39916e636fcf3741fa2ee2f44e"
  name = "github.com/andres-erbsen/clock"
  packages = ["."]
  pruneopts = "UT"
  revision = "9e14626cd129ba01ccb6806bcca9d523e570aaf0"

[[projects]]
  digest = "1:9752dad5e89cd779096bf2477a4ded16bea7ac62de453c8d6b4bf841d51a8512"
  name = "github.com/apache/thrift"
  packages = ["lib/go/thrift"]
  pruneopts = "UT"
  revision = "b2a4d4ae21c789b689dd162deb819665567f481c"
  version = "0.10.0"

[[projects]]
  digest = "1:f3178aeb05bb06fc3d53fae84f3161bd4af6496c10976c80d6c3f1a71c30c7dc"
  name = "github.com/aws/aws-sdk-go"
  packages = [
    "aws",
    "aws/awserr",
    "aws/awsutil",
    "aws/client",
    "aws/client/metadata",
    "aws/corehandlers",
    "aws/credentials",
    "aws/credentials/ec2rolecreds",
    "aws/credentials/endpointcreds",
    "aws/credentials/processcreds",
    "aws/credentials/stscreds",
    "aws/csm",
    "aws/defaults",
    "aws/ec2metadata",
    "aws/endpoints",
    "aws/request",
    "aws/session",
    "aws/signer/v4",
    "internal/ini",
    "internal/s3err",
    "internal/sdkio",
    "internal/sdkrand",
    "internal/sdkuri",
    "internal/shareddefaults",
    "private/protocol",
    "private/protocol/eventstream",
    "private/protocol/eventstream/eventstreamapi",
    "private/protocol/query",
    "private/protocol/query/queryutil",
    "private/protocol/rest",
    "private/protocol/restxml",
    "private/protocol/xml/xmlutil",
    "service/s3",
    "service/s3/s3iface",
    "service/s3/s3manager",
    "service/sts",
  ]
  pruneopts = "UT"
  revision = "3248e106c35aafb9b982f5d086f0150faf24ee4e"
  version = "v1.17.6"

[[projects]]
  digest = "1:982da6118468bd03ae8112629d68d829a0df727c898ec2e912011b33a1ae0417"
  name = "github.com/bugsnag/bugsnag-go"
  packages = [
    ".",
    "errors",
  ]
  pruneopts = "UT"
  revision = "b1d153021fcd90ca3f080db36bec96dc690fb274"

[[projects]]
  branch = "master"
  digest = "1:3c8a443f16dd3c3639c7650c19af5b1a0686402f1949dafd18352d15239d9b05"
  name = "github.com/bugsnag/osext"
  packages = ["."]
  pruneopts = "UT"
  revision = "0dd3f918b21bec95ace9dc86c7e70266cfc5c702"

[[projects]]
  digest = "1:af7819cfbbaee556977151e5da278819eccbfd3724402e6c4c38c083ea90d27b"
  name = "github.com/bugsnag/panicwrap"
  packages = ["."]
  pruneopts = "UT"
  revision = "e2c28503fcd0675329da73bf48b33404db873782"

[[projects]]
  branch = "master"
  digest = "1:e8891cd354f2af940345f895d5698ab1ed439196d4f69eb44817fc91e80354c1"
  name = "github.com/c2h5oh/datasize"
  packages = ["."]
  pruneopts = "UT"
  revision = "4eba002a5eaea69cf8d235a388fc6b65ae68d2dd"

[[projects]]
  digest = "1:a1e402c0a7eb4122cb9e4c3dcd1aa20bb238767ea1a857cc5d245f05c0cd5b3c"
  name = "github.com/cactus/go-statsd-client"
  packages = ["statsd"]
  pruneopts = "UT"
  revision = "138b925ccdf617776955904ba7759fce64406cec"
  version = "v3.1.1"

[[projects]]
  digest = "1:166438587ed45ac211dab8a3ecebf4fa0c186d0db63430fb9127bbc2e5fcdc67"
  name = "github.com/cenkalti/backoff"
  packages = ["."]
  pruneopts = "UT"
  revision = "1e4cf3da559842a91afcb6ea6141451e6c30c618"
  version = "v2.1.1"

[[projects]]
  digest = "1:ffe9824d294da03b391f44e1ae8281281b4afc1bdaa9588c9097785e3af10cec"
  name = "github.com/davecgh/go-spew"
  packages = ["spew"]
  pruneopts = "UT"
  revision = "8991bc29aa16c548c550c7ff78260e27b9ab7c73"
  version = "v1.1.1"

[[projects]]
  digest = "1:1df7eba975a8f0c4fd93cf6ab9472095b4573b6862cd21465d7197aedebf535e"
  name = "github.com/docker/distribution"
  packages = [
    ".",
    "configuration",
    "context",
    "digest",
    "health",
    "health/checks",
    "manifest",
    "manifest/manifestlist",
    "manifest/schema1",
    "manifest/schema2",
    "notifications",
    "reference",
    "registry",
    "registry/api/errcode",
    "registry/api/v2",
    "registry/auth",
    "registry/client",
    "registry/client/auth",
    "registry/client/auth/challenge",
    "registry/client/transport",
    "registry/handlers",
    "registry/listener",
    "registry/middleware/registry",
    "registry/middleware/repository",
    "registry/proxy",
    "registry/proxy/scheduler",
    "registry/storage",
    "registry/storage/cache",
    "registry/storage/cache/memory",
    "registry/storage/cache/redis",
    "registry/storage/driver",
    "registry/storage/driver/factory",
    "registry/storage/driver/middleware",
    "uuid",
    "version",
  ]
  pruneopts = "UT"
  revision = "48294d928ced5dd9b378f7fd7c6f5da3ff3f2c89"
  version = "v2.6.2"

[[projects]]
  digest = "1:8866486038791fe65ea1abf660041423954b1f3fb99ea6a0ad8424422e943458"
  name = "github.com/docker/docker-credential-helpers"
  packages = [
    "client",
    "credentials",
  ]
  pruneopts = "UT"
  revision = "5241b46610f2491efdf9d1c85f1ddf5b02f6d962"
  version = "v0.6.1"

[[projects]]
  branch = "master"
  digest = "1:a6091c3705e58d3738b338f04520ff37b6da0e1dead22b9da4fd0234e0d89eb8"
  name = "github.com/docker/engine-api"
  packages = [
    "types",
    "types/blkiodev",
    "types/container",
    "types/filters",
    "types/mount",
    "types/network",
    "types/registry",
    "types/strslice",
    "types/swarm",
    "types/versions",
  ]
  pruneopts = "UT"
  revision = "4290f40c056686fcaa5c9caf02eac1dde9315adf"

[[projects]]
  branch = "master"
  digest = "1:ade935c55cd6d0367c843b109b09c9d748b1982952031414740750fdf94747eb"
  name = "github.com/docker/go-connections"
  packages = ["nat"]
  pruneopts = "UT"
  revision = "97c2040d34dfae1d1b1275fa3a78dbdd2f41cf7e"

[[projects]]
  branch = "master"
  digest = "1:7e53d02c8efbed725125898e3eefad41c6524c7eff61748f3cfe8e6eaf2fcbbd"
  name = "github.com/docker/go-units"
  packages = ["."]
  pruneopts = "UT"
  revision = "2fb04c6466a548a03cb009c5569ee1ab1e35398e"

[[projects]]
  digest = "1:0e229970bd76d6cdef6558f51ae493931485fb086d513bc4e3b80003bcf81f39"
  name = "github.com/docker/libtrust"
  packages = ["."]
  pruneopts = "UT"
  revision = "fa567046d9b14f6aa788882a950d69651d230b21"

[[projects]]
  digest = "1:0594af97b2f4cec6554086eeace6597e20a4b69466eb4ada25adf9f4300dddd2"
  name = "github.com/garyburd/redigo"
  packages = [
    "internal",
    "redis",
  ]
  pruneopts = "UT"
  revision = "a69d19351219b6dd56f274f96d85a7014a2ec34e"
  version = "v1.6.0"

[[projects]]
  digest = "1:b60efdeb75d3c0ceed88783ac2495256aba3491a537d0f31401202579fd62a94"
  name = "github.com/golang/mock"
  packages = ["gomock"]
  pruneopts = "UT"
  revision = "51421b967af1f557f93a59e0057aaf15ca02e29c"
  version = "v1.2.0"

[[projects]]
  digest = "1:8715cd47fd0fa392884aab36611f25631b1540e7a21c5df171af3e397b42f302"
  name = "github.com/golang/protobuf"
  packages = ["proto"]
  pruneopts = "UT"
  revision = "7011d38ac0d201eeddff4a4085a657c3da322d75"

[[projects]]
  digest = "1:38ec74012390146c45af1f92d46e5382b50531247929ff3a685d2b2be65155ac"
  name = "github.com/gomodule/redigo"
  packages = [
    "internal",
    "redis",
  ]
  pruneopts = "UT"
  revision = "9c11da706d9b7902c6da69c592f75637793fe121"
  version = "v2.0.0"

[[projects]]
  digest = "1:c231954313b336011b817f9979467825cbb2a6d7a6b930c5406f4fbc91235f8c"
  name = "github.com/gorilla/handlers"
  packages = ["."]
  pruneopts = "UT"
  revision = "60c7bfde3e33c201519a200a4507a158cc03a17b"

[[projects]]
  digest = "1:ca59b1175189b3f0e9f1793d2c350114be36eaabbe5b9f554b35edee1de50aea"
  name = "github.com/gorilla/mux"
  packages = ["."]
  pruneopts = "UT"
  revision = "a7962380ca08b5a188038c69871b8d3fbdf31e89"
  version = "v1.7.0"

[[projects]]
  digest = "1:870d441fe217b8e689d7949fef6e43efbc787e50f200cb1e70dbca9204a1d6be"
  name = "github.com/inconshreveable/mousetrap"
  packages = ["."]
  pruneopts = "UT"
  revision = "76626ae9c91c4f2a10f34cad8ce83ea42c93bb75"
  version = "v1.0"

[[projects]]
  digest = "1:15cfd06452058d6a04f7c884004178ffef26131c2ca62b020b275ccb4b10f24d"
  name = "github.com/jackpal/bencode-go"
  packages = ["."]
  pruneopts = "UT"
  revision = "8b8d9a9b37fcd43f365439810d725081b114af68"

[[projects]]
  digest = "1:bb81097a5b62634f3e9fec1014657855610c82d19b9a40c17612e32651e35dca"
  name = "github.com/jmespath/go-jmespath"
  packages = ["."]
  pruneopts = "UT"
  revision = "c2b33e84"

[[projects]]
  digest = "1:7654989089e5bd5b6734ec3be8b695e87d3f1f8d95620b343fd7d3995a5b60d7"
  name = "github.com/jmoiron/sqlx"
  packages = [
    ".",
    "reflectx",
  ]
  pruneopts = "UT"
  revision = "2aeb6a910c2b94f2d5eb53d9895d80e27264ec41"

[[projects]]
  digest = "1:ee0845ea64262e3d1a6e2eab768fcb2008a0c8e571b7a3bebea554a1c031aeeb"
  name = "github.com/mattn/go-sqlite3"
  packages = ["."]
  pruneopts = "UT"
  revision = "6c771bb9887719704b210e87e934f08be014bdb1"
  version = "v1.6.0"

[[projects]]
  digest = "1:182765cec1c5c13b3b41e5accdb8a119114bc713aee60ff59d457b0af5cdc458"
  name = "github.com/miekg/dns"
  packages = ["."]
  pruneopts = "UT"
  revision = "01d59357d468872339068bcd5d55a00e2463051f"

[[projects]]
  digest = "1:bc62c2c038cc8ae51b68f6d52570501a763bb71e78736a9f65d60762429864a9"
  name = "github.com/opencontainers/go-digest"
  packages = ["."]
  pruneopts = "UT"
  revision = "c9281466c8b2f606084ac71339773efd177436e7"

[[projects]]
  digest = "1:0028cb19b2e4c3112225cd871870f2d9cf49b9b4276531f03438a88e94be86fe"
  name = "github.com/pmezard/go-difflib"
  packages = ["difflib"]
  pruneopts = "UT"
  revision = "792786c7400a136282c1664665ae0a8db921c6c2"
  version = "v1.0.0"

[[projects]]
  digest = "1:50bc0a349ae8e578f6620e83f8358a05f45479efee1dc86f4a13fa3440022c46"
  name = "github.com/pressly/chi"
  packages = [
    ".",
    "middleware",
  ]
  pruneopts = "UT"
  revision = "e6033ea75479391a4bce3918fc119cad31e1cb30"
  version = "v2.1.0"

[[projects]]
  digest = "1:c98ae1be07a36223f9619302a9696ae42fec803e0acd7d203e40a75244bb96cc"
  name = "github.com/pressly/goose"
  packages = ["."]
  pruneopts = "UT"
  revision = "f9980cee258976cd89b5edeaee57983104b9180f"
  version = "v1.0"

[[projects]]
  digest = "1:274f67cb6fed9588ea2521ecdac05a6d62a8c51c074c1fccc6a49a40ba80e925"
  name = "github.com/satori/go.uuid"
  packages = ["."]
  pruneopts = "UT"
  revision = "f58768cc1a7a7e77a3bd49e98cdd21419399b6a3"
  version = "v1.2.0"

[[projects]]
  digest = "1:919bb3aa6d9d0b67648c219fa4925312bc3c2872da19e818fa769e9c97a2b643"
  name = "github.com/spaolacci/murmur3"
  packages = ["."]
  pruneopts = "UT"
  revision = "f09979ecbc725b9e6d41a297405f65e7e8804acc"
  version = "v1.1.0"

[[projects]]
  digest = "1:645cabccbb4fa8aab25a956cbcbdf6a6845ca736b2c64e197ca7cbb9d210b939"
  name = "github.com/spf13/cobra"
  packages = ["."]
  pruneopts = "UT"
  revision = "ef82de70bb3f60c65fb8eebacbb2d122ef517385"
  version = "v0.0.3"

[[projects]]
  digest = "1:c1b1102241e7f645bc8e0c22ae352e8f0dc6484b6cb4d132fa9f24174e0119e2"
  name = "github.com/spf13/pflag"
  packages = ["."]
  pruneopts = "UT"
  revision = "298182f68c66c05229eb03ac171abe6e309ee79a"
  version = "v1.0.3"

[[projects]]
  digest = "1:c496e2e660875a79ba981b4e65f8af6716eecceaf455c7575138a7f59bc39162"
  name = "github.com/stevvooe/resumable"
  packages = [
    ".",
    "sha256",
    "sha512",
  ]
  pruneopts = "UT"
  revision = "51ad44105773cafcbe91927f70ac68e1bf78f8b4"

[[projects]]
  digest = "1:5da8ce674952566deae4dbc23d07c85caafc6cfa815b0b3e03e41979cedb8750"
  name = "github.com/stretchr/testify"
  packages = [
    "assert",
    "require",
  ]
  pruneopts = "UT"
  revision = "ffdc059bfe9ce6a4e144ba849dbedead332c6053"
  version = "v1.3.0"

[[projects]]
  digest = "1:84a79ce9070118785f4cc40ea1c27578669370b5060ecfe83ae814335047dbf0"
  name = "github.com/uber-go/tally"
  packages = [
    ".",
    "m3",
    "m3/customtransports",
    "m3/thrift",
    "m3/thriftudp",
    "statsd",
  ]
  pruneopts = "UT"
  revision = "e9a67ec1839e1f6e5133dbcca2f57bec12fdeda2"
  version = "v3.3.8"

[[projects]]
  digest = "1:1e7343a263c0af26e99b5aca82b1a7711bcefda35a9daed0c2d28c0d8654b188"
  name = "github.com/willf/bitset"
  packages = ["."]
  pruneopts = "UT"
  revision = "8ce1146b8621c95164efd9c8b1124cfa9b8afb4e"

[[projects]]
  digest = "1:fe3d56ee52483c6cbcc38d9d8aebf2366d7c13bd46d944becb1102a6a6fc6283"
  name = "github.com/xenolf/lego"
  packages = ["acme"]
  pruneopts = "UT"
  revision = "8e9c5ac3e6bf1392a581eece36752e7360a3414b"

[[projects]]
  branch = "master"
  digest = "1:bd191b42ec841c1f7eff4206367220294d91fd7fa01b33e1a2ce6084eb2c5ce2"
  name = "github.com/yuin/gopher-lua"
  packages = [
    ".",
    "ast",
    "parse",
    "pm",
  ]
  pruneopts = "UT"
  revision = "8bfc7677f583b35a5663a9dd934c08f3b5774bbb"

[[projects]]
  digest = "1:dcc3219685abd95a08e219859c5f0d80ad25d365b854849d04896ccde94e2422"
  name = "github.com/yvasiyarov/go-metrics"
  packages = ["."]
  pruneopts = "UT"
  revision = "57bccd1ccd43f94bb17fdd8bf3007059b802f85e"

[[projects]]
  digest = "1:6dce87388e17a6f375c970b7e16ae3a63a540a9ea0475ac2043430d685d3136f"
  name = "github.com/yvasiyarov/gorelic"
  packages = ["."]
  pruneopts = "UT"
  revision = "a9bba5b9ab508a086f9a12b8c51fab68478e2128"

[[projects]]
  digest = "1:140012d43042bb7748adc780c767abaab8cf6027fe8cb4bca5099d74e2292656"
  name = "github.com/yvasiyarov/newrelic_platform_go"
  packages = ["."]
  pruneopts = "UT"
  revision = "b21fdbd4370f3717f3bbd2bf41c223bc273068e6"

[[projects]]
  digest = "1:3c1a69cdae3501bf75e76d0d86dc6f2b0a7421bc205c0cb7b96b19eed464a34d"
  name = "go.uber.org/atomic"
  packages = ["."]
  pruneopts = "UT"
  revision = "1ea20fb1cbb1cc08cbd0d913a96dead89aa18289"
  version = "v1.3.2"

[[projects]]
  digest = "1:60bf2a5e347af463c42ed31a493d817f8a72f102543060ed992754e689805d1a"
  name = "go.uber.org/multierr"
  packages = ["."]
  pruneopts = "UT"
  revision = "3c4937480c32f4c13a875a1829af76c98ca3d40a"
  version = "v1.1.0"

[[projects]]
  digest = "1:c52caf7bd44f92e54627a31b85baf06a68333a196b3d8d241480a774733dcf8b"
  name = "go.uber.org/zap"
  packages = [
    ".",
    "buffer",
    "internal/bufferpool",
    "internal/color",
    "internal/exit",
    "zapcore",
  ]
  pruneopts = "UT"
  revision = "ff33455a0e382e8a81d14dd7c922020b6b5e7982"
  version = "v1.9.1"

[[projects]]
  branch = "master"
  digest = "1:14fd9dd784a3af2b5bec3d1efcc4ff21abcd61651fb28ccc9672616182a88e30"
  name = "golang.org/x/crypto"
  packages = [
    "ed25519",
    "ed25519/internal/edwards25519",
    "ocsp",
  ]
  pruneopts = "UT"
  revision = "a1f597ede03a7bef967a422b5b3a5bd08805a01e"

[[projects]]
  digest = "1:c1213a68ecb3e450cde0aaeba3de6a8047750b9a188c4758d5a149a9075b1722"
  name = "golang.org/x/net"
  packages = [
    "context",
    "internal/iana",
    "ipv4",
    "ipv6",
  ]
  pruneopts = "UT"
  revision = "4876518f9e71663000c348837735820161a42df7"

[[projects]]
  digest = "1:9f303486d623f840492bfeb48eb906a94e9d3fe638a761639b72ce64bf7bfcc3"
  name = "golang.org/x/sync"
  packages = ["syncmap"]
  pruneopts = "UT"
  revision = "1d60e4601c6fd243af51cc01ddf169918a5407ca"

[[projects]]
  digest = "1:600b0e53535b033363a3c22bbb712e635799a2a4d516bdd8c8435d12901dfdd3"
  name = "golang.org/x/time"
  packages = ["rate"]
  pruneopts = "UT"
  revision = "a4bde12657593d5e90d0533a3e4fd95e635124cb"

[[projects]]
  digest = "1:0871b828aa2261da49d0454ac8e83f2d5be63bf921cd10524e7698a07a16f9b9"
  name = "gopkg.in/square/go-jose.v1"
  packages = [
    ".",
    "cipher",
    "json",
  ]
  pruneopts = "UT"
  revision = "6e50787b7338112747e64f32753fb4f9dbfb8f79"
  version = "v1.1.1"

[[projects]]
  digest = "1:952adf11fb5bc868cb9d242af59dc4cbafcc8553efddd2124711c0aeb58df2b3"
  name = "gopkg.in/validator.v2"
  packages = ["."]
  pruneopts = "UT"
  revision = "59c90c7046f643cbe0d4e7c8776c42a84ce75910"

[[projects]]
  digest = "1:17e0cd6cba08323e660e739595e5defbd254fe5ff10ecfeb40233829bf6f65e4"
  name = "gopkg.in/yaml.v2"
  packages = ["."]
  pruneopts = "UT"
  revision = "bef53efd0c76e49e6de55ead051f886bea7e9420"

[[projects]]
  digest = "1:d218bd57bbd8a04014d2bee04223d0a3c2e8f434fdd3228c63ba4d68dc812351"
  name = "rsc.io/letsencrypt"
  packages = ["."]
  pruneopts = "UT"
  revision = "a019c9e6fce0c7132679dea13bd8df7c86ffe26c"

[solve-meta]
  analyzer-name = "dep"
  analyzer-version = 1
  input-imports = [
    "github.com/alecthomas/kingpin",
    "github.com/alicebob/miniredis",
    "github.com/andres-erbsen/clock",
    "github.com/aws/aws-sdk-go/aws",
    "github.com/aws/aws-sdk-go/aws/awserr",
    "github.com/aws/aws-sdk-go/aws/credentials",
    "github.com/aws/aws-sdk-go/aws/session",
    "github.com/aws/aws-sdk-go/service/s3",
    "github.com/aws/aws-sdk-go/service/s3/s3iface",
    "github.com/aws/aws-sdk-go/service/s3/s3manager",
    "github.com/c2h5oh/datasize",
    "github.com/cactus/go-statsd-client/statsd",
    "github.com/cenkalti/backoff",
    "github.com/docker/distribution",
    "github.com/docker/distribution/configuration",
    "github.com/docker/distribution/context",
    "github.com/docker/distribution/manifest/schema1",
    "github.com/docker/distribution/manifest/schema2",
    "github.com/docker/distribution/notifications",
    "github.com/docker/distribution/registry",
    "github.com/docker/distribution/registry/client/auth",
    "github.com/docker/distribution/registry/client/auth/challenge",
    "github.com/docker/distribution/registry/client/transport",
    "github.com/docker/distribution/registry/storage/driver",
    "github.com/docker/distribution/registry/storage/driver/factory",
    "github.com/docker/distribution/uuid",
    "github.com/docker/docker-credential-helpers/client",
    "github.com/docker/engine-api/types",
    "github.com/garyburd/redigo/redis",
    "github.com/golang/mock/gomock",
    "github.com/golang/protobuf/proto",
    "github.com/gorilla/mux",
    "github.com/jackpal/bencode-go",
    "github.com/jmoiron/sqlx",
    "github.com/mattn/go-sqlite3",
    "github.com/opencontainers/go-digest",
    "github.com/pressly/chi",
    "github.com/pressly/chi/middleware",
    "github.com/pressly/goose",
    "github.com/satori/go.uuid",
    "github.com/spaolacci/murmur3",
    "github.com/spf13/cobra",
    "github.com/stretchr/testify/assert",
    "github.com/stretchr/testify/require",
    "github.com/uber-go/tally",
    "github.com/uber-go/tally/m3",
    "github.com/uber-go/tally/statsd",
    "github.com/willf/bitset",
    "go.uber.org/atomic",
    "go.uber.org/zap",
    "go.uber.org/zap/zapcore",
    "golang.org/x/sync/syncmap",
    "golang.org/x/time/rate",
    "gopkg.in/validator.v2",
    "gopkg.in/yaml.v2",
  ]
  solver-name = "gps-cdcl"
  solver-version = 1
